{
  "name": "COMP9900",
  "lockfileVersion": 3,
  "requires": true,
  "packages": {
    "": {
      "devDependencies": {
        "@types/jsonwebtoken": "^9.0.3"
      }
    },
    "node_modules/@types/jsonwebtoken": {
      "version": "9.0.3",
      "resolved": "https://registry.npmjs.org/@types/jsonwebtoken/-/jsonwebtoken-9.0.3.tgz",
      "integrity": "sha512-b0jGiOgHtZ2jqdPgPnP6WLCXZk1T8p06A/vPGzUvxpFGgKMbjXJDjC5m52ErqBnIuWZFgGoIJyRdeG5AyreJjA==",
      "dev": true,
      "dependencies": {
        "@types/node": "*"
      }
    },
    "node_modules/@types/node": {
      "version": "20.8.2",
      "resolved": "https://registry.npmjs.org/@types/node/-/node-20.8.2.tgz",
      "integrity": "sha512-Vvycsc9FQdwhxE3y3DzeIxuEJbWGDsnrxvMADzTDF/lcdR9/K+AQIeAghTQsHtotg/q0j3WEOYS/jQgSdWue3w==",
      "dev": true
    }
  }
}
